
Microsoft Visual Studio Solution File, Format Version 12.00
# Visual Studio Version 16
VisualStudioVersion = 16.0.31910.168
MinimumVisualStudioVersion = 10.0.40219.1
Project("{FAE04EC0-301F-11D3-BF4B-00C04F79EFBC}") = "PipeHat-fountain", "PipeHat-fountain.csproj", "{1E3F8E1A-FD2B-486C-AEE9-B1D03A9C575F}"
EndProject
Global
	GlobalSection(SolutionConfigurationPlatforms) = preSolution
		Debug|Any CPU = Debug|Any CPU
		Release|Any CPU = Release|Any CPU
	EndGlobalSection
	GlobalSection(ProjectConfigurationPlatforms) = postSolution
		{1E3F8E1A-FD2B-486C-AEE9-B1D03A9C575F}.Debug|Any CPU.ActiveCfg = Debug|Any CPU
		{1E3F8E1A-FD2B-486C-AEE9-B1D03A9C575F}.Debug|Any CPU.Build.0 = Debug|Any CPU
		{1E3F8E1A-FD2B-486C-AEE9-B1D03A9C575F}.Release|Any CPU.ActiveCfg = Release|Any CPU
		{1E3F8E1A-FD2B-486C-AEE9-B1D03A9C575F}.Release|Any CPU.Build.0 = Release|Any CPU
	EndGlobalSection
	GlobalSection(SolutionProperties) = preSolution
		HideSolutionNode = FALSE
	EndGlobalSection
	GlobalSection(ExtensibilityGlobals) = postSolution
		SolutionGuid = {294871D0-69CE-43F4-BAED-33970F9D762F}
	EndGlobalSection
EndGlobal
